
Microsoft Visual Studio Solution File, Format Version 12.00
# Visual Studio Version 17
VisualStudioVersion = 17.13.35828.75 d17.13
MinimumVisualStudioVersion = 10.0.40219.1
Project("{FAE04EC0-301F-11D3-BF4B-00C04F79EFBC}") = "CIS 207 Project 10 Simple Utility App", "CIS 207 Project 10 Simple Utility App.csproj", "{1EE9CB60-3F58-4896-BFE7-E8DE118E3A95}"
EndProject
Global
	GlobalSection(SolutionConfigurationPlatforms) = preSolution
		Debug|Any CPU = Debug|Any CPU
		Release|Any CPU = Release|Any CPU
	EndGlobalSection
	GlobalSection(ProjectConfigurationPlatforms) = postSolution
		{1EE9CB60-3F58-4896-BFE7-E8DE118E3A95}.Debug|Any CPU.ActiveCfg = Debug|Any CPU
		{1EE9CB60-3F58-4896-BFE7-E8DE118E3A95}.Debug|Any CPU.Build.0 = Debug|Any CPU
		{1EE9CB60-3F58-4896-BFE7-E8DE118E3A95}.Release|Any CPU.ActiveCfg = Release|Any CPU
		{1EE9CB60-3F58-4896-BFE7-E8DE118E3A95}.Release|Any CPU.Build.0 = Release|Any CPU
	EndGlobalSection
	GlobalSection(SolutionProperties) = preSolution
		HideSolutionNode = FALSE
	EndGlobalSection
	GlobalSection(ExtensibilityGlobals) = postSolution
		SolutionGuid = {C1A7FA0C-8B0A-4D7B-92C5-3F768E25634F}
	EndGlobalSection
EndGlobal
